
Microsoft Visual Studio Solution File, Format Version 12.00
# Visual Studio Version 17
VisualStudioVersion = 17.4.33403.182
MinimumVisualStudioVersion = 10.0.40219.1
Project("{FAE04EC0-301F-11D3-BF4B-00C04F79EFBC}") = "ShuntingYard", "ShuntingYard.csproj", "{685662CD-97A3-445B-9911-BDF4A04A01BA}"
EndProject
Global
	GlobalSection(SolutionConfigurationPlatforms) = preSolution
		Debug|Any CPU = Debug|Any CPU
		Release|Any CPU = Release|Any CPU
	EndGlobalSection
	GlobalSection(ProjectConfigurationPlatforms) = postSolution
		{685662CD-97A3-445B-9911-BDF4A04A01BA}.Debug|Any CPU.ActiveCfg = Debug|Any CPU
		{685662CD-97A3-445B-9911-BDF4A04A01BA}.Debug|Any CPU.Build.0 = Debug|Any CPU
		{685662CD-97A3-445B-9911-BDF4A04A01BA}.Release|Any CPU.ActiveCfg = Release|Any CPU
		{685662CD-97A3-445B-9911-BDF4A04A01BA}.Release|Any CPU.Build.0 = Release|Any CPU
	EndGlobalSection
	GlobalSection(SolutionProperties) = preSolution
		HideSolutionNode = FALSE
	EndGlobalSection
	GlobalSection(ExtensibilityGlobals) = postSolution
		SolutionGuid = {7E554726-A908-4E4D-B32C-B7BEE05945C4}
	EndGlobalSection
EndGlobal
